
Microsoft Visual Studio Solution File, Format Version 12.00
# Visual Studio Version 17
VisualStudioVersion = 17.5.33502.453
MinimumVisualStudioVersion = 10.0.40219.1
Project("{FAE04EC0-301F-11D3-BF4B-00C04F79EFBC}") = "Ćwiczenia2_04", "Ćwiczenia2_04\Ćwiczenia2_04.csproj", "{E7735BCA-14A2-4AA7-B667-5BAE0E04DF56}"
EndProject
Global
	GlobalSection(SolutionConfigurationPlatforms) = preSolution
		Debug|Any CPU = Debug|Any CPU
		Release|Any CPU = Release|Any CPU
	EndGlobalSection
	GlobalSection(ProjectConfigurationPlatforms) = postSolution
		{E7735BCA-14A2-4AA7-B667-5BAE0E04DF56}.Debug|Any CPU.ActiveCfg = Debug|Any CPU
		{E7735BCA-14A2-4AA7-B667-5BAE0E04DF56}.Debug|Any CPU.Build.0 = Debug|Any CPU
		{E7735BCA-14A2-4AA7-B667-5BAE0E04DF56}.Release|Any CPU.ActiveCfg = Release|Any CPU
		{E7735BCA-14A2-4AA7-B667-5BAE0E04DF56}.Release|Any CPU.Build.0 = Release|Any CPU
	EndGlobalSection
	GlobalSection(SolutionProperties) = preSolution
		HideSolutionNode = FALSE
	EndGlobalSection
	GlobalSection(ExtensibilityGlobals) = postSolution
		SolutionGuid = {46839182-C6F9-4CDB-8B5A-EA03E5A17040}
	EndGlobalSection
EndGlobal
