
Microsoft Visual Studio Solution File, Format Version 12.00
# Visual Studio Version 17
VisualStudioVersion = 17.6.33815.320
MinimumVisualStudioVersion = 10.0.40219.1
Project("{FAE04EC0-301F-11D3-BF4B-00C04F79EFBC}") = "Ćwiczenie8_01", "Ćwiczenie8_01\Ćwiczenie8_01.csproj", "{68D53498-5B00-4495-B303-A0A4F1615657}"
EndProject
Global
	GlobalSection(SolutionConfigurationPlatforms) = preSolution
		Debug|Any CPU = Debug|Any CPU
		Release|Any CPU = Release|Any CPU
	EndGlobalSection
	GlobalSection(ProjectConfigurationPlatforms) = postSolution
		{68D53498-5B00-4495-B303-A0A4F1615657}.Debug|Any CPU.ActiveCfg = Debug|Any CPU
		{68D53498-5B00-4495-B303-A0A4F1615657}.Debug|Any CPU.Build.0 = Debug|Any CPU
		{68D53498-5B00-4495-B303-A0A4F1615657}.Release|Any CPU.ActiveCfg = Release|Any CPU
		{68D53498-5B00-4495-B303-A0A4F1615657}.Release|Any CPU.Build.0 = Release|Any CPU
	EndGlobalSection
	GlobalSection(SolutionProperties) = preSolution
		HideSolutionNode = FALSE
	EndGlobalSection
	GlobalSection(ExtensibilityGlobals) = postSolution
		SolutionGuid = {EF9803D1-E460-426A-A000-BE0640C73211}
	EndGlobalSection
EndGlobal
