
Microsoft Visual Studio Solution File, Format Version 12.00
# Visual Studio Version 17
VisualStudioVersion = 17.5.33502.453
MinimumVisualStudioVersion = 10.0.40219.1
Project("{FAE04EC0-301F-11D3-BF4B-00C04F79EFBC}") = "Ćwiczenia2_06", "Ćwiczenia2_06\Ćwiczenia2_06.csproj", "{12869538-F7C1-4768-B2A7-3BF842231882}"
EndProject
Global
	GlobalSection(SolutionConfigurationPlatforms) = preSolution
		Debug|Any CPU = Debug|Any CPU
		Release|Any CPU = Release|Any CPU
	EndGlobalSection
	GlobalSection(ProjectConfigurationPlatforms) = postSolution
		{12869538-F7C1-4768-B2A7-3BF842231882}.Debug|Any CPU.ActiveCfg = Debug|Any CPU
		{12869538-F7C1-4768-B2A7-3BF842231882}.Debug|Any CPU.Build.0 = Debug|Any CPU
		{12869538-F7C1-4768-B2A7-3BF842231882}.Release|Any CPU.ActiveCfg = Release|Any CPU
		{12869538-F7C1-4768-B2A7-3BF842231882}.Release|Any CPU.Build.0 = Release|Any CPU
	EndGlobalSection
	GlobalSection(SolutionProperties) = preSolution
		HideSolutionNode = FALSE
	EndGlobalSection
	GlobalSection(ExtensibilityGlobals) = postSolution
		SolutionGuid = {FB137479-637D-4FF7-B744-FFD8AC34E1C1}
	EndGlobalSection
EndGlobal
